
Microsoft Visual Studio Solution File, Format Version 12.00
# Visual Studio Version 17
VisualStudioVersion = 17.0.31903.59
MinimumVisualStudioVersion = 10.0.40219.1
Project("{FAE04EC0-301F-11D3-BF4B-00C04F79EFBC}") = "Cwiczenia1", "Cwiczenia1\Cwiczenia1.csproj", "{487ECB78-F7EC-4D06-952D-F367F2FD8DF8}"
EndProject
Global
	GlobalSection(SolutionConfigurationPlatforms) = preSolution
		Debug|Any CPU = Debug|Any CPU
		Release|Any CPU = Release|Any CPU
	EndGlobalSection
	GlobalSection(SolutionProperties) = preSolution
		HideSolutionNode = FALSE
	EndGlobalSection
	GlobalSection(ProjectConfigurationPlatforms) = postSolution
		{487ECB78-F7EC-4D06-952D-F367F2FD8DF8}.Debug|Any CPU.ActiveCfg = Debug|Any CPU
		{487ECB78-F7EC-4D06-952D-F367F2FD8DF8}.Debug|Any CPU.Build.0 = Debug|Any CPU
		{487ECB78-F7EC-4D06-952D-F367F2FD8DF8}.Release|Any CPU.ActiveCfg = Release|Any CPU
		{487ECB78-F7EC-4D06-952D-F367F2FD8DF8}.Release|Any CPU.Build.0 = Release|Any CPU
	EndGlobalSection
EndGlobal
